PODS:
  - KWVerificationCodeView (0.3.0)

DEPENDENCIES:
  - KWVerificationCodeView (from `../`)

EXTERNAL SOURCES:
  KWVerificationCodeView:
    :path: "../"

SPEC CHECKSUMS:
  KWVerificationCodeView: f9ad2952977379d34752a61967dd9b4cca3c0cde

PODFILE CHECKSUM: c5456285278196ae1d72df7acbfd1db2fab11376

COCOAPODS: 1.5.3
