PODS:
  - KWVerificationCodeView (0.4.0)

DEPENDENCIES:
  - KWVerificationCodeView (from `../`)

EXTERNAL SOURCES:
  KWVerificationCodeView:
    :path: "../"

SPEC CHECKSUMS:
  KWVerificationCodeView: 92cca6ad028546d3232fa75cda3a40d00109a1a2

PODFILE CHECKSUM: c5456285278196ae1d72df7acbfd1db2fab11376

COCOAPODS: 1.12.1
