PODS:
  - KWVerificationCodeView (0.3.0)

DEPENDENCIES:
  - KWVerificationCodeView (from `../`)

EXTERNAL SOURCES:
  KWVerificationCodeView:
    :path: "../"

SPEC CHECKSUMS:
  KWVerificationCodeView: ad0d493e30d203c45f21f3d7b6a4d2b64be53252

PODFILE CHECKSUM: c5456285278196ae1d72df7acbfd1db2fab11376

COCOAPODS: 1.7.4
